
Microsoft Visual Studio Solution File, Format Version 12.00
Project("{2150E333-8FDC-42A3-9474-1A3956D46DE8}") = "Core", "Core", "{FBF56CC3-7AE6-AD2D-3F14-7F97FD322CD6}"
EndProject
Project("{FAE04EC0-301F-11D3-BF4B-00C04F79EFBC}") = "PublicTxt.Core", "src\Core\PublicTxt.Core\PublicTxt.Core.csproj", "{EEA8D9F8-5857-40D8-9D4F-D7E268C45BAE}"
EndProject
Project("{2150E333-8FDC-42A3-9474-1A3956D46DE8}") = "Infrastructure", "Infrastructure", "{DFEE68D8-A7D0-1A41-506C-9B74AA9A7B7B}"
EndProject
Project("{FAE04EC0-301F-11D3-BF4B-00C04F79EFBC}") = "PublicTxt.Git", "src\Infrastructure\PublicTxt.Git\PublicTxt.Git.csproj", "{A7A62FE4-49F0-473B-9F48-C52071607B29}"
EndProject
Project("{2150E333-8FDC-42A3-9474-1A3956D46DE8}") = "Apps", "Apps", "{1787FE1D-075E-9E68-7218-25F1BD1BBEAB}"
EndProject
Project("{FAE04EC0-301F-11D3-BF4B-00C04F79EFBC}") = "PublicTxt.CLI", "src\Apps\PublicTxt.CLI\PublicTxt.CLI.csproj", "{7E0C0147-7302-48B7-B023-BB1481E1A1E0}"
EndProject
Project("{2150E333-8FDC-42A3-9474-1A3956D46DE8}") = "Tests", "Tests", "{0AB3BF05-4346-4AA6-1389-037BE0695223}"
EndProject
Project("{FAE04EC0-301F-11D3-BF4B-00C04F79EFBC}") = "GitTests", "tests\Infrastructure\GitTests\GitTests.csproj", "{5B105D72-8FFC-4AF2-A981-065DA41181BE}"
EndProject
Project("{FAE04EC0-301F-11D3-BF4B-00C04F79EFBC}") = "CoreTests", "tests\Core\CoreTests\CoreTests.csproj", "{9F59428E-AD2D-4088-B232-E626376E8C00}"
EndProject
Project("{FAE04EC0-301F-11D3-BF4B-00C04F79EFBC}") = "CliTests", "tests\Apps\CliTests\CliTests.csproj", "{D99FFEB7-A0B8-47E9-851A-8CC071D7DB3F}"
EndProject
Global
	GlobalSection(SolutionConfigurationPlatforms) = preSolution
		Debug|Any CPU = Debug|Any CPU
		Debug|x64 = Debug|x64
		Debug|x86 = Debug|x86
		Release|Any CPU = Release|Any CPU
		Release|x64 = Release|x64
		Release|x86 = Release|x86
	EndGlobalSection
	GlobalSection(ProjectConfigurationPlatforms) = postSolution
		{EEA8D9F8-5857-40D8-9D4F-D7E268C45BAE}.Debug|Any CPU.ActiveCfg = Debug|Any CPU
		{EEA8D9F8-5857-40D8-9D4F-D7E268C45BAE}.Debug|Any CPU.Build.0 = Debug|Any CPU
		{EEA8D9F8-5857-40D8-9D4F-D7E268C45BAE}.Debug|x64.ActiveCfg = Debug|Any CPU
		{EEA8D9F8-5857-40D8-9D4F-D7E268C45BAE}.Debug|x64.Build.0 = Debug|Any CPU
		{EEA8D9F8-5857-40D8-9D4F-D7E268C45BAE}.Debug|x86.ActiveCfg = Debug|Any CPU
		{EEA8D9F8-5857-40D8-9D4F-D7E268C45BAE}.Debug|x86.Build.0 = Debug|Any CPU
		{EEA8D9F8-5857-40D8-9D4F-D7E268C45BAE}.Release|Any CPU.ActiveCfg = Release|Any CPU
		{EEA8D9F8-5857-40D8-9D4F-D7E268C45BAE}.Release|Any CPU.Build.0 = Release|Any CPU
		{EEA8D9F8-5857-40D8-9D4F-D7E268C45BAE}.Release|x64.ActiveCfg = Release|Any CPU
		{EEA8D9F8-5857-40D8-9D4F-D7E268C45BAE}.Release|x64.Build.0 = Release|Any CPU
		{EEA8D9F8-5857-40D8-9D4F-D7E268C45BAE}.Release|x86.ActiveCfg = Release|Any CPU
		{EEA8D9F8-5857-40D8-9D4F-D7E268C45BAE}.Release|x86.Build.0 = Release|Any CPU
		{A7A62FE4-49F0-473B-9F48-C52071607B29}.Debug|Any CPU.ActiveCfg = Debug|Any CPU
		{A7A62FE4-49F0-473B-9F48-C52071607B29}.Debug|Any CPU.Build.0 = Debug|Any CPU
		{A7A62FE4-49F0-473B-9F48-C52071607B29}.Debug|x64.ActiveCfg = Debug|Any CPU
		{A7A62FE4-49F0-473B-9F48-C52071607B29}.Debug|x64.Build.0 = Debug|Any CPU
		{A7A62FE4-49F0-473B-9F48-C52071607B29}.Debug|x86.ActiveCfg = Debug|Any CPU
		{A7A62FE4-49F0-473B-9F48-C52071607B29}.Debug|x86.Build.0 = Debug|Any CPU
		{A7A62FE4-49F0-473B-9F48-C52071607B29}.Release|Any CPU.ActiveCfg = Release|Any CPU
		{A7A62FE4-49F0-473B-9F48-C52071607B29}.Release|Any CPU.Build.0 = Release|Any CPU
		{A7A62FE4-49F0-473B-9F48-C52071607B29}.Release|x64.ActiveCfg = Release|Any CPU
		{A7A62FE4-49F0-473B-9F48-C52071607B29}.Release|x64.Build.0 = Release|Any CPU
		{A7A62FE4-49F0-473B-9F48-C52071607B29}.Release|x86.ActiveCfg = Release|Any CPU
		{A7A62FE4-49F0-473B-9F48-C52071607B29}.Release|x86.Build.0 = Release|Any CPU
		{7E0C0147-7302-48B7-B023-BB1481E1A1E0}.Debug|Any CPU.ActiveCfg = Debug|Any CPU
		{7E0C0147-7302-48B7-B023-BB1481E1A1E0}.Debug|Any CPU.Build.0 = Debug|Any CPU
		{7E0C0147-7302-48B7-B023-BB1481E1A1E0}.Debug|x64.ActiveCfg = Debug|Any CPU
		{7E0C0147-7302-48B7-B023-BB1481E1A1E0}.Debug|x64.Build.0 = Debug|Any CPU
		{7E0C0147-7302-48B7-B023-BB1481E1A1E0}.Debug|x86.ActiveCfg = Debug|Any CPU
		{7E0C0147-7302-48B7-B023-BB1481E1A1E0}.Debug|x86.Build.0 = Debug|Any CPU
		{7E0C0147-7302-48B7-B023-BB1481E1A1E0}.Release|Any CPU.ActiveCfg = Release|Any CPU
		{7E0C0147-7302-48B7-B023-BB1481E1A1E0}.Release|Any CPU.Build.0 = Release|Any CPU
		{7E0C0147-7302-48B7-B023-BB1481E1A1E0}.Release|x64.ActiveCfg = Release|Any CPU
		{7E0C0147-7302-48B7-B023-BB1481E1A1E0}.Release|x64.Build.0 = Release|Any CPU
		{7E0C0147-7302-48B7-B023-BB1481E1A1E0}.Release|x86.ActiveCfg = Release|Any CPU
		{7E0C0147-7302-48B7-B023-BB1481E1A1E0}.Release|x86.Build.0 = Release|Any CPU
		{5B105D72-8FFC-4AF2-A981-065DA41181BE}.Debug|Any CPU.ActiveCfg = Debug|Any CPU
		{5B105D72-8FFC-4AF2-A981-065DA41181BE}.Debug|Any CPU.Build.0 = Debug|Any CPU
		{5B105D72-8FFC-4AF2-A981-065DA41181BE}.Debug|x64.ActiveCfg = Debug|Any CPU
		{5B105D72-8FFC-4AF2-A981-065DA41181BE}.Debug|x64.Build.0 = Debug|Any CPU
		{5B105D72-8FFC-4AF2-A981-065DA41181BE}.Debug|x86.ActiveCfg = Debug|Any CPU
		{5B105D72-8FFC-4AF2-A981-065DA41181BE}.Debug|x86.Build.0 = Debug|Any CPU
		{5B105D72-8FFC-4AF2-A981-065DA41181BE}.Release|Any CPU.ActiveCfg = Release|Any CPU
		{5B105D72-8FFC-4AF2-A981-065DA41181BE}.Release|Any CPU.Build.0 = Release|Any CPU
		{5B105D72-8FFC-4AF2-A981-065DA41181BE}.Release|x64.ActiveCfg = Release|Any CPU
		{5B105D72-8FFC-4AF2-A981-065DA41181BE}.Release|x64.Build.0 = Release|Any CPU
		{5B105D72-8FFC-4AF2-A981-065DA41181BE}.Release|x86.ActiveCfg = Release|Any CPU
		{5B105D72-8FFC-4AF2-A981-065DA41181BE}.Release|x86.Build.0 = Release|Any CPU
		{9F59428E-AD2D-4088-B232-E626376E8C00}.Debug|Any CPU.ActiveCfg = Debug|Any CPU
		{9F59428E-AD2D-4088-B232-E626376E8C00}.Debug|Any CPU.Build.0 = Debug|Any CPU
		{9F59428E-AD2D-4088-B232-E626376E8C00}.Debug|x64.ActiveCfg = Debug|Any CPU
		{9F59428E-AD2D-4088-B232-E626376E8C00}.Debug|x64.Build.0 = Debug|Any CPU
		{9F59428E-AD2D-4088-B232-E626376E8C00}.Debug|x86.ActiveCfg = Debug|Any CPU
		{9F59428E-AD2D-4088-B232-E626376E8C00}.Debug|x86.Build.0 = Debug|Any CPU
		{9F59428E-AD2D-4088-B232-E626376E8C00}.Release|Any CPU.ActiveCfg = Release|Any CPU
		{9F59428E-AD2D-4088-B232-E626376E8C00}.Release|Any CPU.Build.0 = Release|Any CPU
		{9F59428E-AD2D-4088-B232-E626376E8C00}.Release|x64.ActiveCfg = Release|Any CPU
		{9F59428E-AD2D-4088-B232-E626376E8C00}.Release|x64.Build.0 = Release|Any CPU
		{9F59428E-AD2D-4088-B232-E626376E8C00}.Release|x86.ActiveCfg = Release|Any CPU
		{9F59428E-AD2D-4088-B232-E626376E8C00}.Release|x86.Build.0 = Release|Any CPU
		{D99FFEB7-A0B8-47E9-851A-8CC071D7DB3F}.Debug|Any CPU.ActiveCfg = Debug|Any CPU
		{D99FFEB7-A0B8-47E9-851A-8CC071D7DB3F}.Debug|Any CPU.Build.0 = Debug|Any CPU
		{D99FFEB7-A0B8-47E9-851A-8CC071D7DB3F}.Debug|x64.ActiveCfg = Debug|Any CPU
		{D99FFEB7-A0B8-47E9-851A-8CC071D7DB3F}.Debug|x64.Build.0 = Debug|Any CPU
		{D99FFEB7-A0B8-47E9-851A-8CC071D7DB3F}.Debug|x86.ActiveCfg = Debug|Any CPU
		{D99FFEB7-A0B8-47E9-851A-8CC071D7DB3F}.Debug|x86.Build.0 = Debug|Any CPU
		{D99FFEB7-A0B8-47E9-851A-8CC071D7DB3F}.Release|Any CPU.ActiveCfg = Release|Any CPU
		{D99FFEB7-A0B8-47E9-851A-8CC071D7DB3F}.Release|Any CPU.Build.0 = Release|Any CPU
		{D99FFEB7-A0B8-47E9-851A-8CC071D7DB3F}.Release|x64.ActiveCfg = Release|Any CPU
		{D99FFEB7-A0B8-47E9-851A-8CC071D7DB3F}.Release|x64.Build.0 = Release|Any CPU
		{D99FFEB7-A0B8-47E9-851A-8CC071D7DB3F}.Release|x86.ActiveCfg = Release|Any CPU
		{D99FFEB7-A0B8-47E9-851A-8CC071D7DB3F}.Release|x86.Build.0 = Release|Any CPU
	EndGlobalSection
	GlobalSection(SolutionProperties) = preSolution
		HideSolutionNode = FALSE
	EndGlobalSection
	GlobalSection(NestedProjects) = preSolution
		{EEA8D9F8-5857-40D8-9D4F-D7E268C45BAE} = {FBF56CC3-7AE6-AD2D-3F14-7F97FD322CD6}
		{A7A62FE4-49F0-473B-9F48-C52071607B29} = {DFEE68D8-A7D0-1A41-506C-9B74AA9A7B7B}
		{7E0C0147-7302-48B7-B023-BB1481E1A1E0} = {1787FE1D-075E-9E68-7218-25F1BD1BBEAB}
		{5B105D72-8FFC-4AF2-A981-065DA41181BE} = {0AB3BF05-4346-4AA6-1389-037BE0695223}
		{9F59428E-AD2D-4088-B232-E626376E8C00} = {0AB3BF05-4346-4AA6-1389-037BE0695223}
		{D99FFEB7-A0B8-47E9-851A-8CC071D7DB3F} = {0AB3BF05-4346-4AA6-1389-037BE0695223}
	EndGlobalSection
EndGlobal
